// !$*UTF8*$!
{
	archiveVersion = 1;
	classes = {
	};
	objectVersion = 56;
	objects = {

/* Begin PBXBuildFile section */
		2902AA072A8396380023E2AA /* CreditFlowApp.swift in Sources */ = {isa = PBXBuildFile; fileRef = 2902AA062A8396380023E2AA /* CreditFlowApp.swift */; };
		2902AA092A8396380023E2AA /* ContentView.swift in Sources */ = {isa = PBXBuildFile; fileRef = 2902AA082A8396380023E2AA /* ContentView.swift */; };
		2902AA0B2A8396390023E2AA /* Assets.xcassets in Resources */ = {isa = PBXBuildFile; fileRef = 2902AA0A2A8396390023E2AA /* Assets.xcassets */; };
		2902AA0E2A8396390023E2AA /* Preview Assets.xcassets in Resources */ = {isa = PBXBuildFile; fileRef = 2902AA0D2A8396390023E2AA /* Preview Assets.xcassets */; };
		295E570F2A8399B6006145F4 /* creditor.swift in Sources */ = {isa = PBXBuildFile; fileRef = 295E570E2A8399B6006145F4 /* creditor.swift */; };
		295E57112A8399F0006145F4 /* ResultsView.swift in Sources */ = {isa = PBXBuildFile; fileRef = 295E57102A8399F0006145F4 /* ResultsView.swift */; };
		295E57132A839A14006145F4 /* extension.swift in Sources */ = {isa = PBXBuildFile; fileRef = 295E57122A839A14006145F4 /* extension.swift */; };
		295E57152A839A33006145F4 /* comission.swift in Sources */ = {isa = PBXBuildFile; fileRef = 295E57142A839A33006145F4 /* comission.swift */; };
/* End PBXBuildFile section */

/* Begin PBXFileReference section */
		2902AA032A8396380023E2AA /* CreditFlow.app */ = {isa = PBXFileReference; explicitFileType = wrapper.application; includeInIndex = 0; path = CreditFlow.app; sourceTree = BUILT_PRODUCTS_DIR; };
		2902AA062A8396380023E2AA /* CreditFlowApp.swift */ = {isa = PBXFileReference; lastKnownFileType = sourcecode.swift; path = CreditFlowApp.swift; sourceTree = "<group>"; };
		2902AA082A8396380023E2AA /* ContentView.swift */ = {isa = PBXFileReference; lastKnownFileType = sourcecode.swift; path = ContentView.swift; sourceTree = "<group>"; };
		2902AA0A2A8396390023E2AA /* Assets.xcassets */ = {isa = PBXFileReference; lastKnownFileType = folder.assetcatalog; path = Assets.xcassets; sourceTree = "<group>"; };
		2902AA0D2A8396390023E2AA /* Preview Assets.xcassets */ = {isa = PBXFileReference; lastKnownFileType = folder.assetcatalog; path = "Preview Assets.xcassets"; sourceTree = "<group>"; };
		2902AA0F2A8396390023E2AA /* CreditFlow.entitlements */ = {isa = PBXFileReference; lastKnownFileType = text.plist.entitlements; path = CreditFlow.entitlements; sourceTree = "<group>"; };
		295E570E2A8399B6006145F4 /* creditor.swift */ = {isa = PBXFileReference; lastKnownFileType = sourcecode.swift; path = creditor.swift; sourceTree = "<group>"; };
		295E57102A8399F0006145F4 /* ResultsView.swift */ = {isa = PBXFileReference; lastKnownFileType = sourcecode.swift; path = ResultsView.swift; sourceTree = "<group>"; };
		295E57122A839A14006145F4 /* extension.swift */ = {isa = PBXFileReference; lastKnownFileType = sourcecode.swift; path = extension.swift; sourceTree = "<group>"; };
		295E57142A839A33006145F4 /* comission.swift */ = {isa = PBXFileReference; lastKnownFileType = sourcecode.swift; path = comission.swift; sourceTree = "<group>"; };
/* End PBXFileReference section */

/* Begin PBXFrameworksBuildPhase section */
		2902AA002A8396380023E2AA /* Frameworks */ = {
			isa = PBXFrameworksBuildPhase;
			buildActionMask = 2147483647;
			files = (
			);
			runOnlyForDeploymentPostprocessing = 0;
		};
/* End PBXFrameworksBuildPhase section */

/* Begin PBXGroup section */
		2902A9FA2A8396380023E2AA = {
			isa = PBXGroup;
			children = (
				2902AA052A8396380023E2AA /* CreditFlow */,
				2902AA042A8396380023E2AA /* Products */,
			);
			sourceTree = "<group>";
		};
		2902AA042A8396380023E2AA /* Products */ = {
			isa = PBXGroup;
			children = (
				2902AA032A8396380023E2AA /* CreditFlow.app */,
			);
			name = Products;
			sourceTree = "<group>";
		};
		2902AA052A8396380023E2AA /* CreditFlow */ = {
			isa = PBXGroup;
			children = (
				2902AA062A8396380023E2AA /* CreditFlowApp.swift */,
				2902AA082A8396380023E2AA /* ContentView.swift */,
				2902AA0A2A8396390023E2AA /* Assets.xcassets */,
				2902AA0F2A8396390023E2AA /* CreditFlow.entitlements */,
				2902AA0C2A8396390023E2AA /* Preview Content */,
				295E570E2A8399B6006145F4 /* creditor.swift */,
				295E57102A8399F0006145F4 /* ResultsView.swift */,
				295E57122A839A14006145F4 /* extension.swift */,
				295E57142A839A33006145F4 /* comission.swift */,
			);
			path = CreditFlow;
			sourceTree = "<group>";
		};
		2902AA0C2A8396390023E2AA /* Preview Content */ = {
			isa = PBXGroup;
			children = (
				2902AA0D2A8396390023E2AA /* Preview Assets.xcassets */,
			);
			path = "Preview Content";
			sourceTree = "<group>";
		};
/* End PBXGroup section */

/* Begin PBXNativeTarget section */
		2902AA022A8396380023E2AA /* CreditFlow */ = {
			isa = PBXNativeTarget;
			buildConfigurationList = 2902AA122A8396390023E2AA /* Build configuration list for PBXNativeTarget "CreditFlow" */;
			buildPhases = (
				2902A9FF2A8396380023E2AA /* Sources */,
				2902AA002A8396380023E2AA /* Frameworks */,
				2902AA012A8396380023E2AA /* Resources */,
			);
			buildRules = (
			);
			dependencies = (
			);
			name = CreditFlow;
			productName = CreditFlow;
			productReference = 2902AA032A8396380023E2AA /* CreditFlow.app */;
			productType = "com.apple.product-type.application";
		};
/* End PBXNativeTarget section */

/* Begin PBXProject section */
		2902A9FB2A8396380023E2AA /* Project object */ = {
			isa = PBXProject;
			attributes = {
				BuildIndependentTargetsInParallel = 1;
				LastSwiftUpdateCheck = 1430;
				LastUpgradeCheck = 1430;
				TargetAttributes = {
					2902AA022A8396380023E2AA = {
						CreatedOnToolsVersion = 14.3.1;
					};
				};
			};
			buildConfigurationList = 2902A9FE2A8396380023E2AA /* Build configuration list for PBXProject "CreditFlow" */;
			compatibilityVersion = "Xcode 14.0";
			developmentRegion = en;
			hasScannedForEncodings = 0;
			knownRegions = (
				en,
				Base,
			);
			mainGroup = 2902A9FA2A8396380023E2AA;
			productRefGroup = 2902AA042A8396380023E2AA /* Products */;
			projectDirPath = "";
			projectRoot = "";
			targets = (
				2902AA022A8396380023E2AA /* CreditFlow */,
			);
		};
/* End PBXProject section */

/* Begin PBXResourcesBuildPhase section */
		2902AA012A8396380023E2AA /* Resources */ = {
			isa = PBXResourcesBuildPhase;
			buildActionMask = 2147483647;
			files = (
				2902AA0E2A8396390023E2AA /* Preview Assets.xcassets in Resources */,
				2902AA0B2A8396390023E2AA /* Assets.xcassets in Resources */,
			);
			runOnlyForDeploymentPostprocessing = 0;
		};
/* End PBXResourcesBuildPhase section */

/* Begin PBXSourcesBuildPhase section */
		2902A9FF2A8396380023E2AA /* Sources */ = {
			isa = PBXSourcesBuildPhase;
			buildActionMask = 2147483647;
			files = (
				2902AA092A8396380023E2AA /* ContentView.swift in Sources */,
				295E57112A8399F0006145F4 /* ResultsView.swift in Sources */,
				295E570F2A8399B6006145F4 /* creditor.swift in Sources */,
				295E57132A839A14006145F4 /* extension.swift in Sources */,
				295E57152A839A33006145F4 /* comission.swift in Sources */,
				2902AA072A8396380023E2AA /* CreditFlowApp.swift in Sources */,
			);
			runOnlyForDeploymentPostprocessing = 0;
		};
/* End PBXSourcesBuildPhase section */

/* Begin XCBuildConfiguration section */
		2902AA102A8396390023E2AA /* Debug */ = {
			isa = XCBuildConfiguration;
			buildSettings = {
				ALWAYS_SEARCH_USER_PATHS = NO;
				CLANG_ANALYZER_NONNULL = YES;
				CLANG_ANALYZER_NUMBER_OBJECT_CONVERSION = YES_AGGRESSIVE;
				CLANG_CXX_LANGUAGE_STANDARD = "gnu++20";
				CLANG_ENABLE_MODULES = YES;
				CLANG_ENABLE_OBJC_ARC = YES;
				CLANG_ENABLE_OBJC_WEAK = YES;
				CLANG_WARN_BLOCK_CAPTURE_AUTORELEASING = YES;
				CLANG_WARN_BOOL_CONVERSION = YES;
				CLANG_WARN_COMMA = YES;
				CLANG_WARN_CONSTANT_CONVERSION = YES;
				CLANG_WARN_DEPRECATED_OBJC_IMPLEMENTATIONS = YES;
				CLANG_WARN_DIRECT_OBJC_ISA_USAGE = YES_ERROR;
				CLANG_WARN_DOCUMENTATION_COMMENTS = YES;
				CLANG_WARN_EMPTY_BODY = YES;
				CLANG_WARN_ENUM_CONVERSION = YES;
				CLANG_WARN_INFINITE_RECURSION = YES;
				CLANG_WARN_INT_CONVERSION = YES;
				CLANG_WARN_NON_LITERAL_NULL_CONVERSION = YES;
				CLANG_WARN_OBJC_IMPLICIT_RETAIN_SELF = YES;
				CLANG_WARN_OBJC_LITERAL_CONVERSION = YES;
				CLANG_WARN_OBJC_ROOT_CLASS = YES_ERROR;
				CLANG_WARN_QUOTED_INCLUDE_IN_FRAMEWORK_HEADER = YES;
				CLANG_WARN_RANGE_LOOP_ANALYSIS = YES;
				CLANG_WARN_STRICT_PROTOTYPES = YES;
				CLANG_WARN_SUSPICIOUS_MOVE = YES;
				CLANG_WARN_UNGUARDED_AVAILABILITY = YES_AGGRESSIVE;
				CLANG_WARN_UNREACHABLE_CODE = YES;
				CLANG_WARN__DUPLICATE_METHOD_MATCH = YES;
				COPY_PHASE_STRIP = NO;
				DEBUG_INFORMATION_FORMAT = dwarf;
				ENABLE_STRICT_OBJC_MSGSEND = YES;
				ENABLE_TESTABILITY = YES;
				GCC_C_LANGUAGE_STANDARD = gnu11;
				GCC_DYNAMIC_NO_PIC = NO;
				GCC_NO_COMMON_BLOCKS = YES;
				GCC_OPTIMIZATION_LEVEL = 0;
				GCC_PREPROCESSOR_DEFINITIONS = (
					"DEBUG=1",
					"$(inherited)",
				);
				GCC_WARN_64_TO_32_BIT_CONVERSION = YES;
				GCC_WARN_ABOUT_RETURN_TYPE = YES_ERROR;
				GCC_WARN_UNDECLARED_SELECTOR = YES;
				GCC_WARN_UNINITIALIZED_AUTOS = YES_AGGRESSIVE;
				GCC_WARN_UNUSED_FUNCTION = YES;
				GCC_WARN_UNUSED_VARIABLE = YES;
				MACOSX_DEPLOYMENT_TARGET = 13.3;
				MTL_ENABLE_DEBUG_INFO = INCLUDE_SOURCE;
				MTL_FAST_MATH = YES;
				ONLY_ACTIVE_ARCH = YES;
				SDKROOT = macosx;
				SWIFT_ACTIVE_COMPILATION_CONDITIONS = DEBUG;
				SWIFT_OPTIMIZATION_LEVEL = "-Onone";
			};
			name = Debug;
		};
		2902AA112A8396390023E2AA /* Release */ = {
			isa = XCBuildConfiguration;
			buildSettings = {
				ALWAYS_SEARCH_USER_PATHS = NO;
				CLANG_ANALYZER_NONNULL = YES;
				CLANG_ANALYZER_NUMBER_OBJECT_CONVERSION = YES_AGGRESSIVE;
				CLANG_CXX_LANGUAGE_STANDARD = "gnu++20";
				CLANG_ENABLE_MODULES = YES;
				CLANG_ENABLE_OBJC_ARC = YES;
				CLANG_ENABLE_OBJC_WEAK = YES;
				CLANG_WARN_BLOCK_CAPTURE_AUTORELEASING = YES;
				CLANG_WARN_BOOL_CONVERSION = YES;
				CLANG_WARN_COMMA = YES;
				CLANG_WARN_CONSTANT_CONVERSION = YES;
				CLANG_WARN_DEPRECATED_OBJC_IMPLEMENTATIONS = YES;
				CLANG_WARN_DIRECT_OBJC_ISA_USAGE = YES_ERROR;
				CLANG_WARN_DOCUMENTATION_COMMENTS = YES;
				CLANG_WARN_EMPTY_BODY = YES;
				CLANG_WARN_ENUM_CONVERSION = YES;
				CLANG_WARN_INFINITE_RECURSION = YES;
				CLANG_WARN_INT_CONVERSION = YES;
				CLANG_WARN_NON_LITERAL_NULL_CONVERSION = YES;
				CLANG_WARN_OBJC_IMPLICIT_RETAIN_SELF = YES;
				CLANG_WARN_OBJC_LITERAL_CONVERSION = YES;
				CLANG_WARN_OBJC_ROOT_CLASS = YES_ERROR;
				CLANG_WARN_QUOTED_INCLUDE_IN_FRAMEWORK_HEADER = YES;
				CLANG_WARN_RANGE_LOOP_ANALYSIS = YES;
				CLANG_WARN_STRICT_PROTOTYPES = YES;
				CLANG_WARN_SUSPICIOUS_MOVE = YES;
				CLANG_WARN_UNGUARDED_AVAILABILITY = YES_AGGRESSIVE;
				CLANG_WARN_UNREACHABLE_CODE = YES;
				CLANG_WARN__DUPLICATE_METHOD_MATCH = YES;
				COPY_PHASE_STRIP = NO;
				DEBUG_INFORMATION_FORMAT = "dwarf-with-dsym";
				ENABLE_NS_ASSERTIONS = NO;
				ENABLE_STRICT_OBJC_MSGSEND = YES;
				GCC_C_LANGUAGE_STANDARD = gnu11;
				GCC_NO_COMMON_BLOCKS = YES;
				GCC_WARN_64_TO_32_BIT_CONVERSION = YES;
				GCC_WARN_ABOUT_RETURN_TYPE = YES_ERROR;
				GCC_WARN_UNDECLARED_SELECTOR = YES;
				GCC_WARN_UNINITIALIZED_AUTOS = YES_AGGRESSIVE;
				GCC_WARN_UNUSED_FUNCTION = YES;
				GCC_WARN_UNUSED_VARIABLE = YES;
				MACOSX_DEPLOYMENT_TARGET = 13.3;
				MTL_ENABLE_DEBUG_INFO = NO;
				MTL_FAST_MATH = YES;
				SDKROOT = macosx;
				SWIFT_COMPILATION_MODE = wholemodule;
				SWIFT_OPTIMIZATION_LEVEL = "-O";
			};
			name = Release;
		};
		2902AA132A8396390023E2AA /* Debug */ = {
			isa = XCBuildConfiguration;
			buildSettings = {
				ASSETCATALOG_COMPILER_APPICON_NAME = AppIcon;
				ASSETCATALOG_COMPILER_GLOBAL_ACCENT_COLOR_NAME = AccentColor;
				ASSETCATALOG_COMPILER_INCLUDE_ALL_APPICON_ASSETS = YES;
				CODE_SIGN_ENTITLEMENTS = CreditFlow/CreditFlow.entitlements;
				"CODE_SIGN_IDENTITY[sdk=macosx*]" = "Apple Development";
				CODE_SIGN_STYLE = Automatic;
				COMBINE_HIDPI_IMAGES = YES;
				CURRENT_PROJECT_VERSION = 1;
				DEVELOPMENT_ASSET_PATHS = "\"CreditFlow/Preview Content\"";
				DEVELOPMENT_TEAM = 6FBPM5344T;
				ENABLE_HARDENED_RUNTIME = YES;
				ENABLE_PREVIEWS = YES;
				GENERATE_INFOPLIST_FILE = YES;
				INFOPLIST_KEY_NSHumanReadableCopyright = "";
				LD_RUNPATH_SEARCH_PATHS = (
					"$(inherited)",
					"@executable_path/../Frameworks",
				);
				MARKETING_VERSION = 1.0;
				PRODUCT_BUNDLE_IDENTIFIER = niik.CreditFlow;
				PRODUCT_NAME = "$(TARGET_NAME)";
				SWIFT_EMIT_LOC_STRINGS = YES;
				SWIFT_VERSION = 5.0;
			};
			name = Debug;
		};
		2902AA142A8396390023E2AA /* Release */ = {
			isa = XCBuildConfiguration;
			buildSettings = {
				ASSETCATALOG_COMPILER_APPICON_NAME = AppIcon;
				ASSETCATALOG_COMPILER_GLOBAL_ACCENT_COLOR_NAME = AccentColor;
				ASSETCATALOG_COMPILER_INCLUDE_ALL_APPICON_ASSETS = YES;
				CODE_SIGN_ENTITLEMENTS = CreditFlow/CreditFlow.entitlements;
				"CODE_SIGN_IDENTITY[sdk=macosx*]" = "Apple Development";
				CODE_SIGN_STYLE = Automatic;
				COMBINE_HIDPI_IMAGES = YES;
				CURRENT_PROJECT_VERSION = 1;
				DEVELOPMENT_ASSET_PATHS = "\"CreditFlow/Preview Content\"";
				DEVELOPMENT_TEAM = 6FBPM5344T;
				ENABLE_HARDENED_RUNTIME = YES;
				ENABLE_PREVIEWS = YES;
				GENERATE_INFOPLIST_FILE = YES;
				INFOPLIST_FILE = CreditFlow/Info.plist;
				INFOPLIST_KEY_CFBundleDisplayName = CreditFlow;
				INFOPLIST_KEY_LSApplicationCategoryType = "public.app-category.finance";
				INFOPLIST_KEY_NSHumanReadableCopyright = "";
				LD_RUNPATH_SEARCH_PATHS = (
					"$(inherited)",
					"@executable_path/../Frameworks",
				);
				MARKETING_VERSION = 1.0;
				PRODUCT_BUNDLE_IDENTIFIER = niik.CreditFlow;
				PRODUCT_NAME = "$(TARGET_NAME)";
				SWIFT_EMIT_LOC_STRINGS = YES;
				SWIFT_VERSION = 5.0;
			};
			name = Release;
		};
/* End XCBuildConfiguration section */

/* Begin XCConfigurationList section */
		2902A9FE2A8396380023E2AA /* Build configuration list for PBXProject "CreditFlow" */ = {
			isa = XCConfigurationList;
			buildConfigurations = (
				2902AA102A8396390023E2AA /* Debug */,
				2902AA112A8396390023E2AA /* Release */,
			);
			defaultConfigurationIsVisible = 0;
			defaultConfigurationName = Release;
		};
		2902AA122A8396390023E2AA /* Build configuration list for PBXNativeTarget "CreditFlow" */ = {
			isa = XCConfigurationList;
			buildConfigurations = (
				2902AA132A8396390023E2AA /* Debug */,
				2902AA142A8396390023E2AA /* Release */,
			);
			defaultConfigurationIsVisible = 0;
			defaultConfigurationName = Release;
		};
/* End XCConfigurationList section */
	};
	rootObject = 2902A9FB2A8396380023E2AA /* Project object */;
}
